
Microsoft Visual Studio Solution File, Format Version 12.00
# Visual Studio Version 17
VisualStudioVersion = 17.10.35004.147
MinimumVisualStudioVersion = 10.0.40219.1
Project("{FAE04EC0-301F-11D3-BF4B-00C04F79EFBC}") = "Tictactoe Pro", "Tictactoe Pro\Tictactoe Pro.csproj", "{7310B95D-E4D2-43C4-A622-5EA17BF2B7C0}"
EndProject
Global
	GlobalSection(SolutionConfigurationPlatforms) = preSolution
		Debug|Any CPU = Debug|Any CPU
		Release|Any CPU = Release|Any CPU
	EndGlobalSection
	GlobalSection(ProjectConfigurationPlatforms) = postSolution
		{7310B95D-E4D2-43C4-A622-5EA17BF2B7C0}.Debug|Any CPU.ActiveCfg = Debug|Any CPU
		{7310B95D-E4D2-43C4-A622-5EA17BF2B7C0}.Debug|Any CPU.Build.0 = Debug|Any CPU
		{7310B95D-E4D2-43C4-A622-5EA17BF2B7C0}.Release|Any CPU.ActiveCfg = Release|Any CPU
		{7310B95D-E4D2-43C4-A622-5EA17BF2B7C0}.Release|Any CPU.Build.0 = Release|Any CPU
	EndGlobalSection
	GlobalSection(SolutionProperties) = preSolution
		HideSolutionNode = FALSE
	EndGlobalSection
	GlobalSection(ExtensibilityGlobals) = postSolution
		SolutionGuid = {69EB21BC-1B0F-4CB1-9209-F66E3D3FB2DE}
	EndGlobalSection
EndGlobal
